
Microsoft Visual Studio Solution File, Format Version 12.00
# Visual Studio 2012
Project("{FAE04EC0-301F-11D3-BF4B-00C04F79EFBC}") = "Farseer Physics XNA WP7", "Farseer Physics Engine 3.3.1 XNA\Farseer Physics XNA WP7.csproj", "{AA6CB78E-9484-4843-8613-54CD2BF1E948}"
EndProject
Project("{FAE04EC0-301F-11D3-BF4B-00C04F79EFBC}") = "SharkGame", "SilverXNASharkGame\SharkGame.csproj", "{C78D3290-8FD2-4BDF-A644-E61EBE05262C}"
EndProject
Project("{FAE04EC0-301F-11D3-BF4B-00C04F79EFBC}") = "SharkGameLib", "SilverXNASharkGameLib\SharkGameLib.csproj", "{C27927A5-8CBB-41E0-AEE3-DA397C696AE3}"
EndProject
Project("{FAE04EC0-301F-11D3-BF4B-00C04F79EFBC}") = "SharkGameLibContent", "SilverXNASharkGameLibContent\SharkGameLibContent.contentproj", "{45C226E9-FF6C-44A5-BA3E-60F97308A269}"
EndProject
Global
	GlobalSection(SolutionConfigurationPlatforms) = preSolution
		Debug|Any CPU = Debug|Any CPU
		Debug|Mixed Platforms = Debug|Mixed Platforms
		Debug|Windows Phone = Debug|Windows Phone
		Release|Any CPU = Release|Any CPU
		Release|Mixed Platforms = Release|Mixed Platforms
		Release|Windows Phone = Release|Windows Phone
	EndGlobalSection
	GlobalSection(ProjectConfigurationPlatforms) = postSolution
		{AA6CB78E-9484-4843-8613-54CD2BF1E948}.Debug|Any CPU.ActiveCfg = Debug|Windows Phone
		{AA6CB78E-9484-4843-8613-54CD2BF1E948}.Debug|Mixed Platforms.ActiveCfg = Release|Windows Phone
		{AA6CB78E-9484-4843-8613-54CD2BF1E948}.Debug|Mixed Platforms.Build.0 = Release|Windows Phone
		{AA6CB78E-9484-4843-8613-54CD2BF1E948}.Debug|Windows Phone.ActiveCfg = Debug|Windows Phone
		{AA6CB78E-9484-4843-8613-54CD2BF1E948}.Debug|Windows Phone.Build.0 = Debug|Windows Phone
		{AA6CB78E-9484-4843-8613-54CD2BF1E948}.Release|Any CPU.ActiveCfg = Release|Windows Phone
		{AA6CB78E-9484-4843-8613-54CD2BF1E948}.Release|Mixed Platforms.ActiveCfg = Release|Windows Phone
		{AA6CB78E-9484-4843-8613-54CD2BF1E948}.Release|Mixed Platforms.Build.0 = Release|Windows Phone
		{AA6CB78E-9484-4843-8613-54CD2BF1E948}.Release|Windows Phone.ActiveCfg = Release|Windows Phone
		{AA6CB78E-9484-4843-8613-54CD2BF1E948}.Release|Windows Phone.Build.0 = Release|Windows Phone
		{C78D3290-8FD2-4BDF-A644-E61EBE05262C}.Debug|Any CPU.ActiveCfg = Debug|Any CPU
		{C78D3290-8FD2-4BDF-A644-E61EBE05262C}.Debug|Any CPU.Build.0 = Debug|Any CPU
		{C78D3290-8FD2-4BDF-A644-E61EBE05262C}.Debug|Any CPU.Deploy.0 = Debug|Any CPU
		{C78D3290-8FD2-4BDF-A644-E61EBE05262C}.Debug|Mixed Platforms.ActiveCfg = Debug|Any CPU
		{C78D3290-8FD2-4BDF-A644-E61EBE05262C}.Debug|Mixed Platforms.Build.0 = Debug|Any CPU
		{C78D3290-8FD2-4BDF-A644-E61EBE05262C}.Debug|Mixed Platforms.Deploy.0 = Debug|Any CPU
		{C78D3290-8FD2-4BDF-A644-E61EBE05262C}.Debug|Windows Phone.ActiveCfg = Debug|Any CPU
		{C78D3290-8FD2-4BDF-A644-E61EBE05262C}.Release|Any CPU.ActiveCfg = Release|Any CPU
		{C78D3290-8FD2-4BDF-A644-E61EBE05262C}.Release|Any CPU.Build.0 = Release|Any CPU
		{C78D3290-8FD2-4BDF-A644-E61EBE05262C}.Release|Any CPU.Deploy.0 = Release|Any CPU
		{C78D3290-8FD2-4BDF-A644-E61EBE05262C}.Release|Mixed Platforms.ActiveCfg = Release|Any CPU
		{C78D3290-8FD2-4BDF-A644-E61EBE05262C}.Release|Mixed Platforms.Build.0 = Release|Any CPU
		{C78D3290-8FD2-4BDF-A644-E61EBE05262C}.Release|Mixed Platforms.Deploy.0 = Release|Any CPU
		{C78D3290-8FD2-4BDF-A644-E61EBE05262C}.Release|Windows Phone.ActiveCfg = Release|Any CPU
		{C27927A5-8CBB-41E0-AEE3-DA397C696AE3}.Debug|Any CPU.ActiveCfg = Debug|Windows Phone
		{C27927A5-8CBB-41E0-AEE3-DA397C696AE3}.Debug|Mixed Platforms.ActiveCfg = Debug|Windows Phone
		{C27927A5-8CBB-41E0-AEE3-DA397C696AE3}.Debug|Mixed Platforms.Build.0 = Debug|Windows Phone
		{C27927A5-8CBB-41E0-AEE3-DA397C696AE3}.Debug|Windows Phone.ActiveCfg = Debug|Windows Phone
		{C27927A5-8CBB-41E0-AEE3-DA397C696AE3}.Debug|Windows Phone.Build.0 = Debug|Windows Phone
		{C27927A5-8CBB-41E0-AEE3-DA397C696AE3}.Release|Any CPU.ActiveCfg = Release|Windows Phone
		{C27927A5-8CBB-41E0-AEE3-DA397C696AE3}.Release|Mixed Platforms.ActiveCfg = Release|Windows Phone
		{C27927A5-8CBB-41E0-AEE3-DA397C696AE3}.Release|Mixed Platforms.Build.0 = Release|Windows Phone
		{C27927A5-8CBB-41E0-AEE3-DA397C696AE3}.Release|Windows Phone.ActiveCfg = Release|Windows Phone
		{C27927A5-8CBB-41E0-AEE3-DA397C696AE3}.Release|Windows Phone.Build.0 = Release|Windows Phone
		{45C226E9-FF6C-44A5-BA3E-60F97308A269}.Debug|Any CPU.ActiveCfg = Debug|Any CPU
		{45C226E9-FF6C-44A5-BA3E-60F97308A269}.Debug|Mixed Platforms.ActiveCfg = Debug|Any CPU
		{45C226E9-FF6C-44A5-BA3E-60F97308A269}.Debug|Windows Phone.ActiveCfg = Debug|Any CPU
		{45C226E9-FF6C-44A5-BA3E-60F97308A269}.Release|Any CPU.ActiveCfg = Debug|Any CPU
		{45C226E9-FF6C-44A5-BA3E-60F97308A269}.Release|Mixed Platforms.ActiveCfg = Debug|Any CPU
		{45C226E9-FF6C-44A5-BA3E-60F97308A269}.Release|Windows Phone.ActiveCfg = Debug|Any CPU
	EndGlobalSection
	GlobalSection(SolutionProperties) = preSolution
		HideSolutionNode = FALSE
	EndGlobalSection
EndGlobal
